
Microsoft Visual Studio Solution File, Format Version 12.00
# Visual Studio Version 17
VisualStudioVersion = 17.5.33627.172
MinimumVisualStudioVersion = 10.0.40219.1
Project("{FAE04EC0-301F-11D3-BF4B-00C04F79EFBC}") = "CIGitHubWebApplication1", "CIGitHubWebApplication1\CIGitHubWebApplication1.csproj", "{03EA4C36-8CF6-4348-AD9A-67D44753C80F}"
EndProject
Global
	GlobalSection(SolutionConfigurationPlatforms) = preSolution
		Debug|Any CPU = Debug|Any CPU
		Release|Any CPU = Release|Any CPU
	EndGlobalSection
	GlobalSection(ProjectConfigurationPlatforms) = postSolution
		{03EA4C36-8CF6-4348-AD9A-67D44753C80F}.Debug|Any CPU.ActiveCfg = Debug|Any CPU
		{03EA4C36-8CF6-4348-AD9A-67D44753C80F}.Debug|Any CPU.Build.0 = Debug|Any CPU
		{03EA4C36-8CF6-4348-AD9A-67D44753C80F}.Release|Any CPU.ActiveCfg = Release|Any CPU
		{03EA4C36-8CF6-4348-AD9A-67D44753C80F}.Release|Any CPU.Build.0 = Release|Any CPU
	EndGlobalSection
	GlobalSection(SolutionProperties) = preSolution
		HideSolutionNode = FALSE
	EndGlobalSection
	GlobalSection(ExtensibilityGlobals) = postSolution
		SolutionGuid = {21E34460-1EBC-4413-8ABE-8FA8BB8F136B}
	EndGlobalSection
EndGlobal
